// !$*UTF8*$!
{
	archiveVersion = 1;
	classes = {
	};
	objectVersion = 50;
	objects = {

/* Begin PBXBuildFile section */
		09E69D627852A0C6B976F73C /* Pods_ncnn.framework in Frameworks */ = {isa = PBXBuildFile; fileRef = 220B2F885AF3893002865BA8 /* Pods_ncnn.framework */; };
		0F7DF82D66F2FCF3006A3FA3 /* Pods_ncnnTests.framework in Frameworks */ = {isa = PBXBuildFile; fileRef = 381777DA72912AA79FE23D03 /* Pods_ncnnTests.framework */; };
		8CB2EDED25517E8B00366B25 /* ncnn.framework in Frameworks */ = {isa = PBXBuildFile; fileRef = 8CB2EDE325517E8A00366B25 /* ncnn.framework */; };
		8CB2EDF225517E8B00366B25 /* ncnnTests.m in Sources */ = {isa = PBXBuildFile; fileRef = 8CB2EDF125517E8B00366B25 /* ncnnTests.m */; };
		8CB2EDF425517E8B00366B25 /* ncnn.h in Headers */ = {isa = PBXBuildFile; fileRef = 8CB2EDE625517E8A00366B25 /* ncnn.h */; settings = {ATTRIBUTES = (Public, ); }; };
/* End PBXBuildFile section */

/* Begin PBXContainerItemProxy section */
		8CB2EDEE25517E8B00366B25 /* PBXContainerItemProxy */ = {
			isa = PBXContainerItemProxy;
			containerPortal = 8CB2EDDA25517E8A00366B25 /* Project object */;
			proxyType = 1;
			remoteGlobalIDString = 8CB2EDE225517E8A00366B25;
			remoteInfo = ncnn;
		};
/* End PBXContainerItemProxy section */

/* Begin PBXFileReference section */
		220B2F885AF3893002865BA8 /* Pods_ncnn.framework */ = {isa = PBXFileReference; explicitFileType = wrapper.framework; includeInIndex = 0; path = Pods_ncnn.framework; sourceTree = BUILT_PRODUCTS_DIR; };
		381777DA72912AA79FE23D03 /* Pods_ncnnTests.framework */ = {isa = PBXFileReference; explicitFileType = wrapper.framework; includeInIndex = 0; path = Pods_ncnnTests.framework; sourceTree = BUILT_PRODUCTS_DIR; };
		52FAB14C44AF4DAC7308D87E /* Pods-ncnn.debug.xcconfig */ = {isa = PBXFileReference; includeInIndex = 1; lastKnownFileType = text.xcconfig; name = "Pods-ncnn.debug.xcconfig"; path = "Target Support Files/Pods-ncnn/Pods-ncnn.debug.xcconfig"; sourceTree = "<group>"; };
		8CB2EDE325517E8A00366B25 /* ncnn.framework */ = {isa = PBXFileReference; explicitFileType = wrapper.framework; includeInIndex = 0; path = ncnn.framework; sourceTree = BUILT_PRODUCTS_DIR; };
		8CB2EDE625517E8A00366B25 /* ncnn.h */ = {isa = PBXFileReference; lastKnownFileType = sourcecode.c.h; path = ncnn.h; sourceTree = "<group>"; };
		8CB2EDE725517E8A00366B25 /* Info.plist */ = {isa = PBXFileReference; lastKnownFileType = text.plist.xml; path = Info.plist; sourceTree = "<group>"; };
		8CB2EDEC25517E8B00366B25 /* ncnnTests.xctest */ = {isa = PBXFileReference; explicitFileType = wrapper.cfbundle; includeInIndex = 0; path = ncnnTests.xctest; sourceTree = BUILT_PRODUCTS_DIR; };
		8CB2EDF125517E8B00366B25 /* ncnnTests.m */ = {isa = PBXFileReference; lastKnownFileType = sourcecode.c.objc; path = ncnnTests.m; sourceTree = "<group>"; };
		8CB2EDF325517E8B00366B25 /* Info.plist */ = {isa = PBXFileReference; lastKnownFileType = text.plist.xml; path = Info.plist; sourceTree = "<group>"; };
		C2C5073AD880DF08C6FFF16F /* Pods-ncnn.release.xcconfig */ = {isa = PBXFileReference; includeInIndex = 1; lastKnownFileType = text.xcconfig; name = "Pods-ncnn.release.xcconfig"; path = "Target Support Files/Pods-ncnn/Pods-ncnn.release.xcconfig"; sourceTree = "<group>"; };
		C9C6405F4534839B3169A20C /* Pods-ncnnTests.debug.xcconfig */ = {isa = PBXFileReference; includeInIndex = 1; lastKnownFileType = text.xcconfig; name = "Pods-ncnnTests.debug.xcconfig"; path = "Target Support Files/Pods-ncnnTests/Pods-ncnnTests.debug.xcconfig"; sourceTree = "<group>"; };
		DF392BD0CAB8A405A507898F /* Pods-ncnnTests.release.xcconfig */ = {isa = PBXFileReference; includeInIndex = 1; lastKnownFileType = text.xcconfig; name = "Pods-ncnnTests.release.xcconfig"; path = "Target Support Files/Pods-ncnnTests/Pods-ncnnTests.release.xcconfig"; sourceTree = "<group>"; };
/* End PBXFileReference section */

/* Begin PBXFrameworksBuildPhase section */
		8CB2EDE025517E8A00366B25 /* Frameworks */ = {
			isa = PBXFrameworksBuildPhase;
			buildActionMask = 2147483647;
			files = (
				09E69D627852A0C6B976F73C /* Pods_ncnn.framework in Frameworks */,
			);
			runOnlyForDeploymentPostprocessing = 0;
		};
		8CB2EDE925517E8B00366B25 /* Frameworks */ = {
			isa = PBXFrameworksBuildPhase;
			buildActionMask = 2147483647;
			files = (
				8CB2EDED25517E8B00366B25 /* ncnn.framework in Frameworks */,
				0F7DF82D66F2FCF3006A3FA3 /* Pods_ncnnTests.framework in Frameworks */,
			);
			runOnlyForDeploymentPostprocessing = 0;
		};
/* End PBXFrameworksBuildPhase section */

/* Begin PBXGroup section */
		40DB9C3A6F95A67EAD813553 /* Pods */ = {
			isa = PBXGroup;
			children = (
				52FAB14C44AF4DAC7308D87E /* Pods-ncnn.debug.xcconfig */,
				C2C5073AD880DF08C6FFF16F /* Pods-ncnn.release.xcconfig */,
				C9C6405F4534839B3169A20C /* Pods-ncnnTests.debug.xcconfig */,
				DF392BD0CAB8A405A507898F /* Pods-ncnnTests.release.xcconfig */,
			);
			path = Pods;
			sourceTree = "<group>";
		};
		6B628420B51DF1E14DAA5139 /* Frameworks */ = {
			isa = PBXGroup;
			children = (
				220B2F885AF3893002865BA8 /* Pods_ncnn.framework */,
				381777DA72912AA79FE23D03 /* Pods_ncnnTests.framework */,
			);
			name = Frameworks;
			sourceTree = "<group>";
		};
		8CB2EDD925517E8A00366B25 = {
			isa = PBXGroup;
			children = (
				8CB2EDE525517E8A00366B25 /* ncnn */,
				8CB2EDF025517E8B00366B25 /* ncnnTests */,
				8CB2EDE425517E8A00366B25 /* Products */,
				40DB9C3A6F95A67EAD813553 /* Pods */,
				6B628420B51DF1E14DAA5139 /* Frameworks */,
			);
			sourceTree = "<group>";
		};
		8CB2EDE425517E8A00366B25 /* Products */ = {
			isa = PBXGroup;
			children = (
				8CB2EDE325517E8A00366B25 /* ncnn.framework */,
				8CB2EDEC25517E8B00366B25 /* ncnnTests.xctest */,
			);
			name = Products;
			sourceTree = "<group>";
		};
		8CB2EDE525517E8A00366B25 /* ncnn */ = {
			isa = PBXGroup;
			children = (
				8CB2EDE625517E8A00366B25 /* ncnn.h */,
				8CB2EDE725517E8A00366B25 /* Info.plist */,
			);
			path = ncnn;
			sourceTree = "<group>";
		};
		8CB2EDF025517E8B00366B25 /* ncnnTests */ = {
			isa = PBXGroup;
			children = (
				8CB2EDF125517E8B00366B25 /* ncnnTests.m */,
				8CB2EDF325517E8B00366B25 /* Info.plist */,
			);
			path = ncnnTests;
			sourceTree = "<group>";
		};
/* End PBXGroup section */

/* Begin PBXHeadersBuildPhase section */
		8CB2EDDE25517E8A00366B25 /* Headers */ = {
			isa = PBXHeadersBuildPhase;
			buildActionMask = 2147483647;
			files = (
				8CB2EDF425517E8B00366B25 /* ncnn.h in Headers */,
			);
			runOnlyForDeploymentPostprocessing = 0;
		};
/* End PBXHeadersBuildPhase section */

/* Begin PBXNativeTarget section */
		8CB2EDE225517E8A00366B25 /* ncnn */ = {
			isa = PBXNativeTarget;
			buildConfigurationList = 8CB2EDF725517E8B00366B25 /* Build configuration list for PBXNativeTarget "ncnn" */;
			buildPhases = (
				143951F07D43FF800F6AB907 /* [CP] Check Pods Manifest.lock */,
				8CB2EDDE25517E8A00366B25 /* Headers */,
				8CB2EDDF25517E8A00366B25 /* Sources */,
				8CB2EDE025517E8A00366B25 /* Frameworks */,
				8CB2EDE125517E8A00366B25 /* Resources */,
			);
			buildRules = (
			);
			dependencies = (
			);
			name = ncnn;
			productName = ncnn;
			productReference = 8CB2EDE325517E8A00366B25 /* ncnn.framework */;
			productType = "com.apple.product-type.framework";
		};
		8CB2EDEB25517E8B00366B25 /* ncnnTests */ = {
			isa = PBXNativeTarget;
			buildConfigurationList = 8CB2EDFA25517E8B00366B25 /* Build configuration list for PBXNativeTarget "ncnnTests" */;
			buildPhases = (
				B91A1D29B481333254BB4BFB /* [CP] Check Pods Manifest.lock */,
				8CB2EDE825517E8B00366B25 /* Sources */,
				8CB2EDE925517E8B00366B25 /* Frameworks */,
				8CB2EDEA25517E8B00366B25 /* Resources */,
			);
			buildRules = (
			);
			dependencies = (
				8CB2EDEF25517E8B00366B25 /* PBXTargetDependency */,
			);
			name = ncnnTests;
			productName = ncnnTests;
			productReference = 8CB2EDEC25517E8B00366B25 /* ncnnTests.xctest */;
			productType = "com.apple.product-type.bundle.unit-test";
		};
/* End PBXNativeTarget section */

/* Begin PBXProject section */
		8CB2EDDA25517E8A00366B25 /* Project object */ = {
			isa = PBXProject;
			attributes = {
				LastUpgradeCheck = 1200;
				TargetAttributes = {
					8CB2EDE225517E8A00366B25 = {
						CreatedOnToolsVersion = 12.0.1;
					};
					8CB2EDEB25517E8B00366B25 = {
						CreatedOnToolsVersion = 12.0.1;
					};
				};
			};
			buildConfigurationList = 8CB2EDDD25517E8A00366B25 /* Build configuration list for PBXProject "ncnn" */;
			compatibilityVersion = "Xcode 9.3";
			developmentRegion = en;
			hasScannedForEncodings = 0;
			knownRegions = (
				en,
				Base,
			);
			mainGroup = 8CB2EDD925517E8A00366B25;
			productRefGroup = 8CB2EDE425517E8A00366B25 /* Products */;
			projectDirPath = "";
			projectRoot = "";
			targets = (
				8CB2EDE225517E8A00366B25 /* ncnn */,
				8CB2EDEB25517E8B00366B25 /* ncnnTests */,
			);
		};
/* End PBXProject section */

/* Begin PBXResourcesBuildPhase section */
		8CB2EDE125517E8A00366B25 /* Resources */ = {
			isa = PBXResourcesBuildPhase;
			buildActionMask = 2147483647;
			files = (
			);
			runOnlyForDeploymentPostprocessing = 0;
		};
		8CB2EDEA25517E8B00366B25 /* Resources */ = {
			isa = PBXResourcesBuildPhase;
			buildActionMask = 2147483647;
			files = (
			);
			runOnlyForDeploymentPostprocessing = 0;
		};
/* End PBXResourcesBuildPhase section */

/* Begin PBXShellScriptBuildPhase section */
		143951F07D43FF800F6AB907 /* [CP] Check Pods Manifest.lock */ = {
			isa = PBXShellScriptBuildPhase;
			buildActionMask = 2147483647;
			files = (
			);
			inputFileListPaths = (
			);
			inputPaths = (
				"${PODS_PODFILE_DIR_PATH}/Podfile.lock",
				"${PODS_ROOT}/Manifest.lock",
			);
			name = "[CP] Check Pods Manifest.lock";
			outputFileListPaths = (
			);
			outputPaths = (
				"$(DERIVED_FILE_DIR)/Pods-ncnn-checkManifestLockResult.txt",
			);
			runOnlyForDeploymentPostprocessing = 0;
			shellPath = /bin/sh;
			shellScript = "diff \"${PODS_PODFILE_DIR_PATH}/Podfile.lock\" \"${PODS_ROOT}/Manifest.lock\" > /dev/null\nif [ $? != 0 ] ; then\n    # print error to STDERR\n    echo \"error: The sandbox is not in sync with the Podfile.lock. Run 'pod install' or update your CocoaPods installation.\" >&2\n    exit 1\nfi\n# This output is used by Xcode 'outputs' to avoid re-running this script phase.\necho \"SUCCESS\" > \"${SCRIPT_OUTPUT_FILE_0}\"\n";
			showEnvVarsInLog = 0;
		};
		B91A1D29B481333254BB4BFB /* [CP] Check Pods Manifest.lock */ = {
			isa = PBXShellScriptBuildPhase;
			buildActionMask = 2147483647;
			files = (
			);
			inputFileListPaths = (
			);
			inputPaths = (
				"${PODS_PODFILE_DIR_PATH}/Podfile.lock",
				"${PODS_ROOT}/Manifest.lock",
			);
			name = "[CP] Check Pods Manifest.lock";
			outputFileListPaths = (
			);
			outputPaths = (
				"$(DERIVED_FILE_DIR)/Pods-ncnnTests-checkManifestLockResult.txt",
			);
			runOnlyForDeploymentPostprocessing = 0;
			shellPath = /bin/sh;
			shellScript = "diff \"${PODS_PODFILE_DIR_PATH}/Podfile.lock\" \"${PODS_ROOT}/Manifest.lock\" > /dev/null\nif [ $? != 0 ] ; then\n    # print error to STDERR\n    echo \"error: The sandbox is not in sync with the Podfile.lock. Run 'pod install' or update your CocoaPods installation.\" >&2\n    exit 1\nfi\n# This output is used by Xcode 'outputs' to avoid re-running this script phase.\necho \"SUCCESS\" > \"${SCRIPT_OUTPUT_FILE_0}\"\n";
			showEnvVarsInLog = 0;
		};
/* End PBXShellScriptBuildPhase section */

/* Begin PBXSourcesBuildPhase section */
		8CB2EDDF25517E8A00366B25 /* Sources */ = {
			isa = PBXSourcesBuildPhase;
			buildActionMask = 2147483647;
			files = (
			);
			runOnlyForDeploymentPostprocessing = 0;
		};
		8CB2EDE825517E8B00366B25 /* Sources */ = {
			isa = PBXSourcesBuildPhase;
			buildActionMask = 2147483647;
			files = (
				8CB2EDF225517E8B00366B25 /* ncnnTests.m in Sources */,
			);
			runOnlyForDeploymentPostprocessing = 0;
		};
/* End PBXSourcesBuildPhase section */

/* Begin PBXTargetDependency section */
		8CB2EDEF25517E8B00366B25 /* PBXTargetDependency */ = {
			isa = PBXTargetDependency;
			target = 8CB2EDE225517E8A00366B25 /* ncnn */;
			targetProxy = 8CB2EDEE25517E8B00366B25 /* PBXContainerItemProxy */;
		};
/* End PBXTargetDependency section */

/* Begin XCBuildConfiguration section */
		8CB2EDF525517E8B00366B25 /* Debug */ = {
			isa = XCBuildConfiguration;
			buildSettings = {
				ALWAYS_SEARCH_USER_PATHS = NO;
				CLANG_ANALYZER_NONNULL = YES;
				CLANG_ANALYZER_NUMBER_OBJECT_CONVERSION = YES_AGGRESSIVE;
				CLANG_CXX_LANGUAGE_STANDARD = "gnu++14";
				CLANG_CXX_LIBRARY = "libc++";
				CLANG_ENABLE_MODULES = YES;
				CLANG_ENABLE_OBJC_ARC = YES;
				CLANG_ENABLE_OBJC_WEAK = YES;
				CLANG_WARN_BLOCK_CAPTURE_AUTORELEASING = YES;
				CLANG_WARN_BOOL_CONVERSION = YES;
				CLANG_WARN_COMMA = YES;
				CLANG_WARN_CONSTANT_CONVERSION = YES;
				CLANG_WARN_DEPRECATED_OBJC_IMPLEMENTATIONS = YES;
				CLANG_WARN_DIRECT_OBJC_ISA_USAGE = YES_ERROR;
				CLANG_WARN_DOCUMENTATION_COMMENTS = YES;
				CLANG_WARN_EMPTY_BODY = YES;
				CLANG_WARN_ENUM_CONVERSION = YES;
				CLANG_WARN_INFINITE_RECURSION = YES;
				CLANG_WARN_INT_CONVERSION = YES;
				CLANG_WARN_NON_LITERAL_NULL_CONVERSION = YES;
				CLANG_WARN_OBJC_IMPLICIT_RETAIN_SELF = YES;
				CLANG_WARN_OBJC_LITERAL_CONVERSION = YES;
				CLANG_WARN_OBJC_ROOT_CLASS = YES_ERROR;
				CLANG_WARN_QUOTED_INCLUDE_IN_FRAMEWORK_HEADER = YES;
				CLANG_WARN_RANGE_LOOP_ANALYSIS = YES;
				CLANG_WARN_STRICT_PROTOTYPES = YES;
				CLANG_WARN_SUSPICIOUS_MOVE = YES;
				CLANG_WARN_UNGUARDED_AVAILABILITY = YES_AGGRESSIVE;
				CLANG_WARN_UNREACHABLE_CODE = YES;
				CLANG_WARN__DUPLICATE_METHOD_MATCH = YES;
				COPY_PHASE_STRIP = NO;
				CURRENT_PROJECT_VERSION = 1;
				DEBUG_INFORMATION_FORMAT = dwarf;
				ENABLE_STRICT_OBJC_MSGSEND = YES;
				ENABLE_TESTABILITY = YES;
				GCC_C_LANGUAGE_STANDARD = gnu11;
				GCC_DYNAMIC_NO_PIC = NO;
				GCC_NO_COMMON_BLOCKS = YES;
				GCC_OPTIMIZATION_LEVEL = 0;
				GCC_PREPROCESSOR_DEFINITIONS = (
					"DEBUG=1",
					"$(inherited)",
				);
				GCC_WARN_64_TO_32_BIT_CONVERSION = YES;
				GCC_WARN_ABOUT_RETURN_TYPE = YES_ERROR;
				GCC_WARN_UNDECLARED_SELECTOR = YES;
				GCC_WARN_UNINITIALIZED_AUTOS = YES_AGGRESSIVE;
				GCC_WARN_UNUSED_FUNCTION = YES;
				GCC_WARN_UNUSED_VARIABLE = YES;
				IPHONEOS_DEPLOYMENT_TARGET = 11.0;
				MTL_ENABLE_DEBUG_INFO = INCLUDE_SOURCE;
				MTL_FAST_MATH = YES;
				ONLY_ACTIVE_ARCH = YES;
				SDKROOT = iphoneos;
				VERSIONING_SYSTEM = "apple-generic";
				VERSION_INFO_PREFIX = "";
			};
			name = Debug;
		};
		8CB2EDF625517E8B00366B25 /* Release */ = {
			isa = XCBuildConfiguration;
			buildSettings = {
				ALWAYS_SEARCH_USER_PATHS = NO;
				CLANG_ANALYZER_NONNULL = YES;
				CLANG_ANALYZER_NUMBER_OBJECT_CONVERSION = YES_AGGRESSIVE;
				CLANG_CXX_LANGUAGE_STANDARD = "gnu++14";
				CLANG_CXX_LIBRARY = "libc++";
				CLANG_ENABLE_MODULES = YES;
				CLANG_ENABLE_OBJC_ARC = YES;
				CLANG_ENABLE_OBJC_WEAK = YES;
				CLANG_WARN_BLOCK_CAPTURE_AUTORELEASING = YES;
				CLANG_WARN_BOOL_CONVERSION = YES;
				CLANG_WARN_COMMA = YES;
				CLANG_WARN_CONSTANT_CONVERSION = YES;
				CLANG_WARN_DEPRECATED_OBJC_IMPLEMENTATIONS = YES;
				CLANG_WARN_DIRECT_OBJC_ISA_USAGE = YES_ERROR;
				CLANG_WARN_DOCUMENTATION_COMMENTS = YES;
				CLANG_WARN_EMPTY_BODY = YES;
				CLANG_WARN_ENUM_CONVERSION = YES;
				CLANG_WARN_INFINITE_RECURSION = YES;
				CLANG_WARN_INT_CONVERSION = YES;
				CLANG_WARN_NON_LITERAL_NULL_CONVERSION = YES;
				CLANG_WARN_OBJC_IMPLICIT_RETAIN_SELF = YES;
				CLANG_WARN_OBJC_LITERAL_CONVERSION = YES;
				CLANG_WARN_OBJC_ROOT_CLASS = YES_ERROR;
				CLANG_WARN_QUOTED_INCLUDE_IN_FRAMEWORK_HEADER = YES;
				CLANG_WARN_RANGE_LOOP_ANALYSIS = YES;
				CLANG_WARN_STRICT_PROTOTYPES = YES;
				CLANG_WARN_SUSPICIOUS_MOVE = YES;
				CLANG_WARN_UNGUARDED_AVAILABILITY = YES_AGGRESSIVE;
				CLANG_WARN_UNREACHABLE_CODE = YES;
				CLANG_WARN__DUPLICATE_METHOD_MATCH = YES;
				COPY_PHASE_STRIP = NO;
				CURRENT_PROJECT_VERSION = 1;
				DEBUG_INFORMATION_FORMAT = "dwarf-with-dsym";
				ENABLE_NS_ASSERTIONS = NO;
				ENABLE_STRICT_OBJC_MSGSEND = YES;
				GCC_C_LANGUAGE_STANDARD = gnu11;
				GCC_NO_COMMON_BLOCKS = YES;
				GCC_WARN_64_TO_32_BIT_CONVERSION = YES;
				GCC_WARN_ABOUT_RETURN_TYPE = YES_ERROR;
				GCC_WARN_UNDECLARED_SELECTOR = YES;
				GCC_WARN_UNINITIALIZED_AUTOS = YES_AGGRESSIVE;
				GCC_WARN_UNUSED_FUNCTION = YES;
				GCC_WARN_UNUSED_VARIABLE = YES;
				IPHONEOS_DEPLOYMENT_TARGET = 11.0;
				MTL_ENABLE_DEBUG_INFO = NO;
				MTL_FAST_MATH = YES;
				SDKROOT = iphoneos;
				VALIDATE_PRODUCT = YES;
				VERSIONING_SYSTEM = "apple-generic";
				VERSION_INFO_PREFIX = "";
			};
			name = Release;
		};
		8CB2EDF825517E8B00366B25 /* Debug */ = {
			isa = XCBuildConfiguration;
			baseConfigurationReference = 52FAB14C44AF4DAC7308D87E /* Pods-ncnn.debug.xcconfig */;
			buildSettings = {
				CODE_SIGN_STYLE = Automatic;
				DEFINES_MODULE = YES;
				DYLIB_COMPATIBILITY_VERSION = 1;
				DYLIB_CURRENT_VERSION = 1;
				DYLIB_INSTALL_NAME_BASE = "@rpath";
				INFOPLIST_FILE = ncnn/Info.plist;
				INSTALL_PATH = "$(LOCAL_LIBRARY_DIR)/Frameworks";
				IPHONEOS_DEPLOYMENT_TARGET = 11.0;
				LD_RUNPATH_SEARCH_PATHS = (
					"$(inherited)",
					"@executable_path/Frameworks",
					"@loader_path/Frameworks",
				);
				PRODUCT_BUNDLE_IDENTIFIER = uz.datalab.ncnn;
				PRODUCT_NAME = "$(TARGET_NAME:c99extidentifier)";
				SKIP_INSTALL = YES;
				SUPPORTS_MACCATALYST = NO;
				TARGETED_DEVICE_FAMILY = "1,2";
			};
			name = Debug;
		};
		8CB2EDF925517E8B00366B25 /* Release */ = {
			isa = XCBuildConfiguration;
			baseConfigurationReference = C2C5073AD880DF08C6FFF16F /* Pods-ncnn.release.xcconfig */;
			buildSettings = {
				CODE_SIGN_STYLE = Automatic;
				DEFINES_MODULE = YES;
				DYLIB_COMPATIBILITY_VERSION = 1;
				DYLIB_CURRENT_VERSION = 1;
				DYLIB_INSTALL_NAME_BASE = "@rpath";
				INFOPLIST_FILE = ncnn/Info.plist;
				INSTALL_PATH = "$(LOCAL_LIBRARY_DIR)/Frameworks";
				IPHONEOS_DEPLOYMENT_TARGET = 11.0;
				LD_RUNPATH_SEARCH_PATHS = (
					"$(inherited)",
					"@executable_path/Frameworks",
					"@loader_path/Frameworks",
				);
				PRODUCT_BUNDLE_IDENTIFIER = uz.datalab.ncnn;
				PRODUCT_NAME = "$(TARGET_NAME:c99extidentifier)";
				SKIP_INSTALL = YES;
				SUPPORTS_MACCATALYST = NO;
				TARGETED_DEVICE_FAMILY = "1,2";
			};
			name = Release;
		};
		8CB2EDFB25517E8B00366B25 /* Debug */ = {
			isa = XCBuildConfiguration;
			baseConfigurationReference = C9C6405F4534839B3169A20C /* Pods-ncnnTests.debug.xcconfig */;
			buildSettings = {
				CODE_SIGN_STYLE = Automatic;
				INFOPLIST_FILE = ncnnTests/Info.plist;
				LD_RUNPATH_SEARCH_PATHS = (
					"$(inherited)",
					"@executable_path/Frameworks",
					"@loader_path/Frameworks",
				);
				PRODUCT_BUNDLE_IDENTIFIER = uz.datalab.ncnnTests;
				PRODUCT_NAME = "$(TARGET_NAME)";
				TARGETED_DEVICE_FAMILY = "1,2";
			};
			name = Debug;
		};
		8CB2EDFC25517E8B00366B25 /* Release */ = {
			isa = XCBuildConfiguration;
			baseConfigurationReference = DF392BD0CAB8A405A507898F /* Pods-ncnnTests.release.xcconfig */;
			buildSettings = {
				CODE_SIGN_STYLE = Automatic;
				INFOPLIST_FILE = ncnnTests/Info.plist;
				LD_RUNPATH_SEARCH_PATHS = (
					"$(inherited)",
					"@executable_path/Frameworks",
					"@loader_path/Frameworks",
				);
				PRODUCT_BUNDLE_IDENTIFIER = uz.datalab.ncnnTests;
				PRODUCT_NAME = "$(TARGET_NAME)";
				TARGETED_DEVICE_FAMILY = "1,2";
			};
			name = Release;
		};
/* End XCBuildConfiguration section */

/* Begin XCConfigurationList section */
		8CB2EDDD25517E8A00366B25 /* Build configuration list for PBXProject "ncnn" */ = {
			isa = XCConfigurationList;
			buildConfigurations = (
				8CB2EDF525517E8B00366B25 /* Debug */,
				8CB2EDF625517E8B00366B25 /* Release */,
			);
			defaultConfigurationIsVisible = 0;
			defaultConfigurationName = Release;
		};
		8CB2EDF725517E8B00366B25 /* Build configuration list for PBXNativeTarget "ncnn" */ = {
			isa = XCConfigurationList;
			buildConfigurations = (
				8CB2EDF825517E8B00366B25 /* Debug */,
				8CB2EDF925517E8B00366B25 /* Release */,
			);
			defaultConfigurationIsVisible = 0;
			defaultConfigurationName = Release;
		};
		8CB2EDFA25517E8B00366B25 /* Build configuration list for PBXNativeTarget "ncnnTests" */ = {
			isa = XCConfigurationList;
			buildConfigurations = (
				8CB2EDFB25517E8B00366B25 /* Debug */,
				8CB2EDFC25517E8B00366B25 /* Release */,
			);
			defaultConfigurationIsVisible = 0;
			defaultConfigurationName = Release;
		};
/* End XCConfigurationList section */
	};
	rootObject = 8CB2EDDA25517E8A00366B25 /* Project object */;
}
